
Microsoft Visual Studio Solution File, Format Version 12.00
Project("{FAE04EC0-301F-11D3-BF4B-00C04F79EFBC}") = "AdvancedEdit", "AdvancedEdit\AdvancedEdit.csproj", "{9C6E8C79-5FBA-4119-8761-4625B80F2840}"
EndProject
Global
	GlobalSection(SolutionConfigurationPlatforms) = preSolution
		Debug|Any CPU = Debug|Any CPU
		Release|Any CPU = Release|Any CPU
	EndGlobalSection
	GlobalSection(ProjectConfigurationPlatforms) = postSolution
		{9C6E8C79-5FBA-4119-8761-4625B80F2840}.Debug|Any CPU.ActiveCfg = Debug|Any CPU
		{9C6E8C79-5FBA-4119-8761-4625B80F2840}.Debug|Any CPU.Build.0 = Debug|Any CPU
		{9C6E8C79-5FBA-4119-8761-4625B80F2840}.Release|Any CPU.ActiveCfg = Release|Any CPU
		{9C6E8C79-5FBA-4119-8761-4625B80F2840}.Release|Any CPU.Build.0 = Release|Any CPU
	EndGlobalSection
EndGlobal
